
Microsoft Visual Studio Solution File, Format Version 12.00
# Visual Studio 2012
Project("{FAE04EC0-301F-11D3-BF4B-00C04F79EFBC}") = "Coderwall.iOS", "Coderwall.iOS\Coderwall.iOS.csproj", "{01B5A4E3-51AA-4A7C-9B25-F023467DFE25}"
EndProject
Project("{FAE04EC0-301F-11D3-BF4B-00C04F79EFBC}") = "Coderwall.Android", "Coderwall.Android\Coderwall.Android.csproj", "{AE1271C4-E0A2-436C-9426-FC4B4EA637A7}"
EndProject
Project("{FAE04EC0-301F-11D3-BF4B-00C04F79EFBC}") = "CoderwallLib", "CoderwallLib\CoderwallLib.csproj", "{BE9A40E2-A0C6-4CF3-B8D6-0CF70CF0D53D}"
EndProject
Project("{FAE04EC0-301F-11D3-BF4B-00C04F79EFBC}") = "Coderwall.WinRT", "Coderwall.WinRT\Coderwall.WinRT.csproj", "{46125EDD-AEFC-4E3F-9C61-09F9F4389FFB}"
EndProject
Global
	GlobalSection(SolutionConfigurationPlatforms) = preSolution
		Ad-Hoc|Any CPU = Ad-Hoc|Any CPU
		Ad-Hoc|ARM = Ad-Hoc|ARM
		Ad-Hoc|iPhone = Ad-Hoc|iPhone
		Ad-Hoc|iPhoneSimulator = Ad-Hoc|iPhoneSimulator
		Ad-Hoc|Mixed Platforms = Ad-Hoc|Mixed Platforms
		Ad-Hoc|x64 = Ad-Hoc|x64
		Ad-Hoc|x86 = Ad-Hoc|x86
		AppStore|Any CPU = AppStore|Any CPU
		AppStore|ARM = AppStore|ARM
		AppStore|iPhone = AppStore|iPhone
		AppStore|iPhoneSimulator = AppStore|iPhoneSimulator
		AppStore|Mixed Platforms = AppStore|Mixed Platforms
		AppStore|x64 = AppStore|x64
		AppStore|x86 = AppStore|x86
		Debug|Any CPU = Debug|Any CPU
		Debug|ARM = Debug|ARM
		Debug|iPhone = Debug|iPhone
		Debug|iPhoneSimulator = Debug|iPhoneSimulator
		Debug|Mixed Platforms = Debug|Mixed Platforms
		Debug|x64 = Debug|x64
		Debug|x86 = Debug|x86
		Release|Any CPU = Release|Any CPU
		Release|ARM = Release|ARM
		Release|iPhone = Release|iPhone
		Release|iPhoneSimulator = Release|iPhoneSimulator
		Release|Mixed Platforms = Release|Mixed Platforms
		Release|x64 = Release|x64
		Release|x86 = Release|x86
	EndGlobalSection
	GlobalSection(ProjectConfigurationPlatforms) = postSolution
		{01B5A4E3-51AA-4A7C-9B25-F023467DFE25}.Ad-Hoc|Any CPU.ActiveCfg = Ad-Hoc|iPhoneSimulator
		{01B5A4E3-51AA-4A7C-9B25-F023467DFE25}.Ad-Hoc|ARM.ActiveCfg = Ad-Hoc|iPhone
		{01B5A4E3-51AA-4A7C-9B25-F023467DFE25}.Ad-Hoc|iPhone.ActiveCfg = Ad-Hoc|iPhone
		{01B5A4E3-51AA-4A7C-9B25-F023467DFE25}.Ad-Hoc|iPhone.Build.0 = Ad-Hoc|iPhone
		{01B5A4E3-51AA-4A7C-9B25-F023467DFE25}.Ad-Hoc|iPhoneSimulator.ActiveCfg = Ad-Hoc|iPhoneSimulator
		{01B5A4E3-51AA-4A7C-9B25-F023467DFE25}.Ad-Hoc|iPhoneSimulator.Build.0 = Ad-Hoc|iPhoneSimulator
		{01B5A4E3-51AA-4A7C-9B25-F023467DFE25}.Ad-Hoc|Mixed Platforms.ActiveCfg = Ad-Hoc|iPhone
		{01B5A4E3-51AA-4A7C-9B25-F023467DFE25}.Ad-Hoc|Mixed Platforms.Build.0 = Ad-Hoc|iPhone
		{01B5A4E3-51AA-4A7C-9B25-F023467DFE25}.Ad-Hoc|Mixed Platforms.Deploy.0 = Ad-Hoc|iPhone
		{01B5A4E3-51AA-4A7C-9B25-F023467DFE25}.Ad-Hoc|x64.ActiveCfg = Ad-Hoc|iPhone
		{01B5A4E3-51AA-4A7C-9B25-F023467DFE25}.Ad-Hoc|x86.ActiveCfg = Ad-Hoc|iPhone
		{01B5A4E3-51AA-4A7C-9B25-F023467DFE25}.AppStore|Any CPU.ActiveCfg = AppStore|iPhoneSimulator
		{01B5A4E3-51AA-4A7C-9B25-F023467DFE25}.AppStore|ARM.ActiveCfg = AppStore|iPhone
		{01B5A4E3-51AA-4A7C-9B25-F023467DFE25}.AppStore|iPhone.ActiveCfg = AppStore|iPhone
		{01B5A4E3-51AA-4A7C-9B25-F023467DFE25}.AppStore|iPhone.Build.0 = AppStore|iPhone
		{01B5A4E3-51AA-4A7C-9B25-F023467DFE25}.AppStore|iPhoneSimulator.ActiveCfg = AppStore|iPhoneSimulator
		{01B5A4E3-51AA-4A7C-9B25-F023467DFE25}.AppStore|iPhoneSimulator.Build.0 = AppStore|iPhoneSimulator
		{01B5A4E3-51AA-4A7C-9B25-F023467DFE25}.AppStore|Mixed Platforms.ActiveCfg = AppStore|iPhone
		{01B5A4E3-51AA-4A7C-9B25-F023467DFE25}.AppStore|Mixed Platforms.Build.0 = AppStore|iPhone
		{01B5A4E3-51AA-4A7C-9B25-F023467DFE25}.AppStore|Mixed Platforms.Deploy.0 = AppStore|iPhone
		{01B5A4E3-51AA-4A7C-9B25-F023467DFE25}.AppStore|x64.ActiveCfg = AppStore|iPhone
		{01B5A4E3-51AA-4A7C-9B25-F023467DFE25}.AppStore|x86.ActiveCfg = AppStore|iPhone
		{01B5A4E3-51AA-4A7C-9B25-F023467DFE25}.Debug|Any CPU.ActiveCfg = Debug|iPhoneSimulator
		{01B5A4E3-51AA-4A7C-9B25-F023467DFE25}.Debug|Any CPU.Build.0 = Debug|iPhoneSimulator
		{01B5A4E3-51AA-4A7C-9B25-F023467DFE25}.Debug|ARM.ActiveCfg = Debug|iPhone
		{01B5A4E3-51AA-4A7C-9B25-F023467DFE25}.Debug|iPhone.ActiveCfg = Debug|iPhone
		{01B5A4E3-51AA-4A7C-9B25-F023467DFE25}.Debug|iPhone.Build.0 = Debug|iPhone
		{01B5A4E3-51AA-4A7C-9B25-F023467DFE25}.Debug|iPhoneSimulator.ActiveCfg = Debug|iPhoneSimulator
		{01B5A4E3-51AA-4A7C-9B25-F023467DFE25}.Debug|iPhoneSimulator.Build.0 = Debug|iPhoneSimulator
		{01B5A4E3-51AA-4A7C-9B25-F023467DFE25}.Debug|Mixed Platforms.ActiveCfg = Debug|iPhone
		{01B5A4E3-51AA-4A7C-9B25-F023467DFE25}.Debug|Mixed Platforms.Build.0 = Debug|iPhone
		{01B5A4E3-51AA-4A7C-9B25-F023467DFE25}.Debug|Mixed Platforms.Deploy.0 = Debug|iPhone
		{01B5A4E3-51AA-4A7C-9B25-F023467DFE25}.Debug|x64.ActiveCfg = Debug|iPhone
		{01B5A4E3-51AA-4A7C-9B25-F023467DFE25}.Debug|x86.ActiveCfg = Debug|iPhone
		{01B5A4E3-51AA-4A7C-9B25-F023467DFE25}.Release|Any CPU.ActiveCfg = Release|iPhoneSimulator
		{01B5A4E3-51AA-4A7C-9B25-F023467DFE25}.Release|Any CPU.Build.0 = Release|iPhoneSimulator
		{01B5A4E3-51AA-4A7C-9B25-F023467DFE25}.Release|ARM.ActiveCfg = Release|iPhone
		{01B5A4E3-51AA-4A7C-9B25-F023467DFE25}.Release|iPhone.ActiveCfg = Release|iPhone
		{01B5A4E3-51AA-4A7C-9B25-F023467DFE25}.Release|iPhone.Build.0 = Release|iPhone
		{01B5A4E3-51AA-4A7C-9B25-F023467DFE25}.Release|iPhoneSimulator.ActiveCfg = Release|iPhoneSimulator
		{01B5A4E3-51AA-4A7C-9B25-F023467DFE25}.Release|iPhoneSimulator.Build.0 = Release|iPhoneSimulator
		{01B5A4E3-51AA-4A7C-9B25-F023467DFE25}.Release|Mixed Platforms.ActiveCfg = Release|iPhone
		{01B5A4E3-51AA-4A7C-9B25-F023467DFE25}.Release|Mixed Platforms.Build.0 = Release|iPhone
		{01B5A4E3-51AA-4A7C-9B25-F023467DFE25}.Release|Mixed Platforms.Deploy.0 = Release|iPhone
		{01B5A4E3-51AA-4A7C-9B25-F023467DFE25}.Release|x64.ActiveCfg = Release|iPhone
		{01B5A4E3-51AA-4A7C-9B25-F023467DFE25}.Release|x86.ActiveCfg = Release|iPhone
		{AE1271C4-E0A2-436C-9426-FC4B4EA637A7}.Ad-Hoc|Any CPU.ActiveCfg = Release|Any CPU
		{AE1271C4-E0A2-436C-9426-FC4B4EA637A7}.Ad-Hoc|Any CPU.Build.0 = Release|Any CPU
		{AE1271C4-E0A2-436C-9426-FC4B4EA637A7}.Ad-Hoc|Any CPU.Deploy.0 = Release|Any CPU
		{AE1271C4-E0A2-436C-9426-FC4B4EA637A7}.Ad-Hoc|ARM.ActiveCfg = Debug|Any CPU
		{AE1271C4-E0A2-436C-9426-FC4B4EA637A7}.Ad-Hoc|iPhone.ActiveCfg = Release|Any CPU
		{AE1271C4-E0A2-436C-9426-FC4B4EA637A7}.Ad-Hoc|iPhoneSimulator.ActiveCfg = Release|Any CPU
		{AE1271C4-E0A2-436C-9426-FC4B4EA637A7}.Ad-Hoc|Mixed Platforms.ActiveCfg = Release|Any CPU
		{AE1271C4-E0A2-436C-9426-FC4B4EA637A7}.Ad-Hoc|Mixed Platforms.Build.0 = Release|Any CPU
		{AE1271C4-E0A2-436C-9426-FC4B4EA637A7}.Ad-Hoc|Mixed Platforms.Deploy.0 = Release|Any CPU
		{AE1271C4-E0A2-436C-9426-FC4B4EA637A7}.Ad-Hoc|x64.ActiveCfg = Debug|Any CPU
		{AE1271C4-E0A2-436C-9426-FC4B4EA637A7}.Ad-Hoc|x86.ActiveCfg = Debug|Any CPU
		{AE1271C4-E0A2-436C-9426-FC4B4EA637A7}.AppStore|Any CPU.ActiveCfg = Release|Any CPU
		{AE1271C4-E0A2-436C-9426-FC4B4EA637A7}.AppStore|Any CPU.Build.0 = Release|Any CPU
		{AE1271C4-E0A2-436C-9426-FC4B4EA637A7}.AppStore|Any CPU.Deploy.0 = Release|Any CPU
		{AE1271C4-E0A2-436C-9426-FC4B4EA637A7}.AppStore|ARM.ActiveCfg = Debug|Any CPU
		{AE1271C4-E0A2-436C-9426-FC4B4EA637A7}.AppStore|iPhone.ActiveCfg = Release|Any CPU
		{AE1271C4-E0A2-436C-9426-FC4B4EA637A7}.AppStore|iPhoneSimulator.ActiveCfg = Release|Any CPU
		{AE1271C4-E0A2-436C-9426-FC4B4EA637A7}.AppStore|Mixed Platforms.ActiveCfg = Release|Any CPU
		{AE1271C4-E0A2-436C-9426-FC4B4EA637A7}.AppStore|Mixed Platforms.Build.0 = Release|Any CPU
		{AE1271C4-E0A2-436C-9426-FC4B4EA637A7}.AppStore|Mixed Platforms.Deploy.0 = Release|Any CPU
		{AE1271C4-E0A2-436C-9426-FC4B4EA637A7}.AppStore|x64.ActiveCfg = Debug|Any CPU
		{AE1271C4-E0A2-436C-9426-FC4B4EA637A7}.AppStore|x86.ActiveCfg = Debug|Any CPU
		{AE1271C4-E0A2-436C-9426-FC4B4EA637A7}.Debug|Any CPU.ActiveCfg = Debug|Any CPU
		{AE1271C4-E0A2-436C-9426-FC4B4EA637A7}.Debug|Any CPU.Build.0 = Debug|Any CPU
		{AE1271C4-E0A2-436C-9426-FC4B4EA637A7}.Debug|Any CPU.Deploy.0 = Debug|Any CPU
		{AE1271C4-E0A2-436C-9426-FC4B4EA637A7}.Debug|ARM.ActiveCfg = Debug|Any CPU
		{AE1271C4-E0A2-436C-9426-FC4B4EA637A7}.Debug|iPhone.ActiveCfg = Debug|Any CPU
		{AE1271C4-E0A2-436C-9426-FC4B4EA637A7}.Debug|iPhoneSimulator.ActiveCfg = Debug|Any CPU
		{AE1271C4-E0A2-436C-9426-FC4B4EA637A7}.Debug|iPhoneSimulator.Build.0 = Debug|Any CPU
		{AE1271C4-E0A2-436C-9426-FC4B4EA637A7}.Debug|iPhoneSimulator.Deploy.0 = Debug|Any CPU
		{AE1271C4-E0A2-436C-9426-FC4B4EA637A7}.Debug|Mixed Platforms.ActiveCfg = Debug|Any CPU
		{AE1271C4-E0A2-436C-9426-FC4B4EA637A7}.Debug|Mixed Platforms.Build.0 = Debug|Any CPU
		{AE1271C4-E0A2-436C-9426-FC4B4EA637A7}.Debug|Mixed Platforms.Deploy.0 = Debug|Any CPU
		{AE1271C4-E0A2-436C-9426-FC4B4EA637A7}.Debug|x64.ActiveCfg = Debug|Any CPU
		{AE1271C4-E0A2-436C-9426-FC4B4EA637A7}.Debug|x86.ActiveCfg = Debug|Any CPU
		{AE1271C4-E0A2-436C-9426-FC4B4EA637A7}.Release|Any CPU.ActiveCfg = Release|Any CPU
		{AE1271C4-E0A2-436C-9426-FC4B4EA637A7}.Release|Any CPU.Build.0 = Release|Any CPU
		{AE1271C4-E0A2-436C-9426-FC4B4EA637A7}.Release|Any CPU.Deploy.0 = Release|Any CPU
		{AE1271C4-E0A2-436C-9426-FC4B4EA637A7}.Release|ARM.ActiveCfg = Release|Any CPU
		{AE1271C4-E0A2-436C-9426-FC4B4EA637A7}.Release|iPhone.ActiveCfg = Release|Any CPU
		{AE1271C4-E0A2-436C-9426-FC4B4EA637A7}.Release|iPhoneSimulator.ActiveCfg = Release|Any CPU
		{AE1271C4-E0A2-436C-9426-FC4B4EA637A7}.Release|Mixed Platforms.ActiveCfg = Release|Any CPU
		{AE1271C4-E0A2-436C-9426-FC4B4EA637A7}.Release|Mixed Platforms.Build.0 = Release|Any CPU
		{AE1271C4-E0A2-436C-9426-FC4B4EA637A7}.Release|Mixed Platforms.Deploy.0 = Release|Any CPU
		{AE1271C4-E0A2-436C-9426-FC4B4EA637A7}.Release|x64.ActiveCfg = Release|Any CPU
		{AE1271C4-E0A2-436C-9426-FC4B4EA637A7}.Release|x86.ActiveCfg = Release|Any CPU
		{BE9A40E2-A0C6-4CF3-B8D6-0CF70CF0D53D}.Ad-Hoc|Any CPU.ActiveCfg = Release|Any CPU
		{BE9A40E2-A0C6-4CF3-B8D6-0CF70CF0D53D}.Ad-Hoc|Any CPU.Build.0 = Release|Any CPU
		{BE9A40E2-A0C6-4CF3-B8D6-0CF70CF0D53D}.Ad-Hoc|ARM.ActiveCfg = Debug|Any CPU
		{BE9A40E2-A0C6-4CF3-B8D6-0CF70CF0D53D}.Ad-Hoc|iPhone.ActiveCfg = Release|Any CPU
		{BE9A40E2-A0C6-4CF3-B8D6-0CF70CF0D53D}.Ad-Hoc|iPhoneSimulator.ActiveCfg = Release|Any CPU
		{BE9A40E2-A0C6-4CF3-B8D6-0CF70CF0D53D}.Ad-Hoc|Mixed Platforms.ActiveCfg = Release|Any CPU
		{BE9A40E2-A0C6-4CF3-B8D6-0CF70CF0D53D}.Ad-Hoc|Mixed Platforms.Build.0 = Release|Any CPU
		{BE9A40E2-A0C6-4CF3-B8D6-0CF70CF0D53D}.Ad-Hoc|x64.ActiveCfg = Debug|Any CPU
		{BE9A40E2-A0C6-4CF3-B8D6-0CF70CF0D53D}.Ad-Hoc|x86.ActiveCfg = Debug|Any CPU
		{BE9A40E2-A0C6-4CF3-B8D6-0CF70CF0D53D}.AppStore|Any CPU.ActiveCfg = Release|Any CPU
		{BE9A40E2-A0C6-4CF3-B8D6-0CF70CF0D53D}.AppStore|Any CPU.Build.0 = Release|Any CPU
		{BE9A40E2-A0C6-4CF3-B8D6-0CF70CF0D53D}.AppStore|ARM.ActiveCfg = Debug|Any CPU
		{BE9A40E2-A0C6-4CF3-B8D6-0CF70CF0D53D}.AppStore|iPhone.ActiveCfg = Release|Any CPU
		{BE9A40E2-A0C6-4CF3-B8D6-0CF70CF0D53D}.AppStore|iPhoneSimulator.ActiveCfg = Release|Any CPU
		{BE9A40E2-A0C6-4CF3-B8D6-0CF70CF0D53D}.AppStore|Mixed Platforms.ActiveCfg = Release|Any CPU
		{BE9A40E2-A0C6-4CF3-B8D6-0CF70CF0D53D}.AppStore|Mixed Platforms.Build.0 = Release|Any CPU
		{BE9A40E2-A0C6-4CF3-B8D6-0CF70CF0D53D}.AppStore|x64.ActiveCfg = Debug|Any CPU
		{BE9A40E2-A0C6-4CF3-B8D6-0CF70CF0D53D}.AppStore|x86.ActiveCfg = Debug|Any CPU
		{BE9A40E2-A0C6-4CF3-B8D6-0CF70CF0D53D}.Debug|Any CPU.ActiveCfg = Debug|Any CPU
		{BE9A40E2-A0C6-4CF3-B8D6-0CF70CF0D53D}.Debug|Any CPU.Build.0 = Debug|Any CPU
		{BE9A40E2-A0C6-4CF3-B8D6-0CF70CF0D53D}.Debug|ARM.ActiveCfg = Debug|Any CPU
		{BE9A40E2-A0C6-4CF3-B8D6-0CF70CF0D53D}.Debug|iPhone.ActiveCfg = Debug|Any CPU
		{BE9A40E2-A0C6-4CF3-B8D6-0CF70CF0D53D}.Debug|iPhoneSimulator.ActiveCfg = Debug|Any CPU
		{BE9A40E2-A0C6-4CF3-B8D6-0CF70CF0D53D}.Debug|Mixed Platforms.ActiveCfg = Debug|Any CPU
		{BE9A40E2-A0C6-4CF3-B8D6-0CF70CF0D53D}.Debug|Mixed Platforms.Build.0 = Debug|Any CPU
		{BE9A40E2-A0C6-4CF3-B8D6-0CF70CF0D53D}.Debug|x64.ActiveCfg = Debug|Any CPU
		{BE9A40E2-A0C6-4CF3-B8D6-0CF70CF0D53D}.Debug|x86.ActiveCfg = Debug|Any CPU
		{BE9A40E2-A0C6-4CF3-B8D6-0CF70CF0D53D}.Release|Any CPU.ActiveCfg = Release|Any CPU
		{BE9A40E2-A0C6-4CF3-B8D6-0CF70CF0D53D}.Release|Any CPU.Build.0 = Release|Any CPU
		{BE9A40E2-A0C6-4CF3-B8D6-0CF70CF0D53D}.Release|ARM.ActiveCfg = Release|Any CPU
		{BE9A40E2-A0C6-4CF3-B8D6-0CF70CF0D53D}.Release|iPhone.ActiveCfg = Release|Any CPU
		{BE9A40E2-A0C6-4CF3-B8D6-0CF70CF0D53D}.Release|iPhoneSimulator.ActiveCfg = Release|Any CPU
		{BE9A40E2-A0C6-4CF3-B8D6-0CF70CF0D53D}.Release|Mixed Platforms.ActiveCfg = Release|Any CPU
		{BE9A40E2-A0C6-4CF3-B8D6-0CF70CF0D53D}.Release|Mixed Platforms.Build.0 = Release|Any CPU
		{BE9A40E2-A0C6-4CF3-B8D6-0CF70CF0D53D}.Release|x64.ActiveCfg = Release|Any CPU
		{BE9A40E2-A0C6-4CF3-B8D6-0CF70CF0D53D}.Release|x86.ActiveCfg = Release|Any CPU
		{46125EDD-AEFC-4E3F-9C61-09F9F4389FFB}.Ad-Hoc|Any CPU.ActiveCfg = Release|Any CPU
		{46125EDD-AEFC-4E3F-9C61-09F9F4389FFB}.Ad-Hoc|Any CPU.Build.0 = Release|Any CPU
		{46125EDD-AEFC-4E3F-9C61-09F9F4389FFB}.Ad-Hoc|Any CPU.Deploy.0 = Release|Any CPU
		{46125EDD-AEFC-4E3F-9C61-09F9F4389FFB}.Ad-Hoc|ARM.ActiveCfg = Release|ARM
		{46125EDD-AEFC-4E3F-9C61-09F9F4389FFB}.Ad-Hoc|ARM.Build.0 = Release|ARM
		{46125EDD-AEFC-4E3F-9C61-09F9F4389FFB}.Ad-Hoc|ARM.Deploy.0 = Release|ARM
		{46125EDD-AEFC-4E3F-9C61-09F9F4389FFB}.Ad-Hoc|iPhone.ActiveCfg = Release|Any CPU
		{46125EDD-AEFC-4E3F-9C61-09F9F4389FFB}.Ad-Hoc|iPhoneSimulator.ActiveCfg = Release|Any CPU
		{46125EDD-AEFC-4E3F-9C61-09F9F4389FFB}.Ad-Hoc|Mixed Platforms.ActiveCfg = Release|x86
		{46125EDD-AEFC-4E3F-9C61-09F9F4389FFB}.Ad-Hoc|Mixed Platforms.Build.0 = Release|x86
		{46125EDD-AEFC-4E3F-9C61-09F9F4389FFB}.Ad-Hoc|Mixed Platforms.Deploy.0 = Release|x86
		{46125EDD-AEFC-4E3F-9C61-09F9F4389FFB}.Ad-Hoc|x64.ActiveCfg = Release|x64
		{46125EDD-AEFC-4E3F-9C61-09F9F4389FFB}.Ad-Hoc|x64.Build.0 = Release|x64
		{46125EDD-AEFC-4E3F-9C61-09F9F4389FFB}.Ad-Hoc|x64.Deploy.0 = Release|x64
		{46125EDD-AEFC-4E3F-9C61-09F9F4389FFB}.Ad-Hoc|x86.ActiveCfg = Release|x86
		{46125EDD-AEFC-4E3F-9C61-09F9F4389FFB}.Ad-Hoc|x86.Build.0 = Release|x86
		{46125EDD-AEFC-4E3F-9C61-09F9F4389FFB}.Ad-Hoc|x86.Deploy.0 = Release|x86
		{46125EDD-AEFC-4E3F-9C61-09F9F4389FFB}.AppStore|Any CPU.ActiveCfg = Release|Any CPU
		{46125EDD-AEFC-4E3F-9C61-09F9F4389FFB}.AppStore|Any CPU.Build.0 = Release|Any CPU
		{46125EDD-AEFC-4E3F-9C61-09F9F4389FFB}.AppStore|Any CPU.Deploy.0 = Release|Any CPU
		{46125EDD-AEFC-4E3F-9C61-09F9F4389FFB}.AppStore|ARM.ActiveCfg = Release|ARM
		{46125EDD-AEFC-4E3F-9C61-09F9F4389FFB}.AppStore|ARM.Build.0 = Release|ARM
		{46125EDD-AEFC-4E3F-9C61-09F9F4389FFB}.AppStore|ARM.Deploy.0 = Release|ARM
		{46125EDD-AEFC-4E3F-9C61-09F9F4389FFB}.AppStore|iPhone.ActiveCfg = Release|Any CPU
		{46125EDD-AEFC-4E3F-9C61-09F9F4389FFB}.AppStore|iPhoneSimulator.ActiveCfg = Release|Any CPU
		{46125EDD-AEFC-4E3F-9C61-09F9F4389FFB}.AppStore|Mixed Platforms.ActiveCfg = Release|x86
		{46125EDD-AEFC-4E3F-9C61-09F9F4389FFB}.AppStore|Mixed Platforms.Build.0 = Release|x86
		{46125EDD-AEFC-4E3F-9C61-09F9F4389FFB}.AppStore|Mixed Platforms.Deploy.0 = Release|x86
		{46125EDD-AEFC-4E3F-9C61-09F9F4389FFB}.AppStore|x64.ActiveCfg = Release|x64
		{46125EDD-AEFC-4E3F-9C61-09F9F4389FFB}.AppStore|x64.Build.0 = Release|x64
		{46125EDD-AEFC-4E3F-9C61-09F9F4389FFB}.AppStore|x64.Deploy.0 = Release|x64
		{46125EDD-AEFC-4E3F-9C61-09F9F4389FFB}.AppStore|x86.ActiveCfg = Release|x86
		{46125EDD-AEFC-4E3F-9C61-09F9F4389FFB}.AppStore|x86.Build.0 = Release|x86
		{46125EDD-AEFC-4E3F-9C61-09F9F4389FFB}.AppStore|x86.Deploy.0 = Release|x86
		{46125EDD-AEFC-4E3F-9C61-09F9F4389FFB}.Debug|Any CPU.ActiveCfg = Debug|Any CPU
		{46125EDD-AEFC-4E3F-9C61-09F9F4389FFB}.Debug|Any CPU.Build.0 = Debug|Any CPU
		{46125EDD-AEFC-4E3F-9C61-09F9F4389FFB}.Debug|Any CPU.Deploy.0 = Debug|Any CPU
		{46125EDD-AEFC-4E3F-9C61-09F9F4389FFB}.Debug|ARM.ActiveCfg = Debug|ARM
		{46125EDD-AEFC-4E3F-9C61-09F9F4389FFB}.Debug|ARM.Build.0 = Debug|ARM
		{46125EDD-AEFC-4E3F-9C61-09F9F4389FFB}.Debug|ARM.Deploy.0 = Debug|ARM
		{46125EDD-AEFC-4E3F-9C61-09F9F4389FFB}.Debug|iPhone.ActiveCfg = Debug|Any CPU
		{46125EDD-AEFC-4E3F-9C61-09F9F4389FFB}.Debug|iPhoneSimulator.ActiveCfg = Debug|Any CPU
		{46125EDD-AEFC-4E3F-9C61-09F9F4389FFB}.Debug|iPhoneSimulator.Build.0 = Debug|Any CPU
		{46125EDD-AEFC-4E3F-9C61-09F9F4389FFB}.Debug|iPhoneSimulator.Deploy.0 = Debug|Any CPU
		{46125EDD-AEFC-4E3F-9C61-09F9F4389FFB}.Debug|Mixed Platforms.ActiveCfg = Debug|x86
		{46125EDD-AEFC-4E3F-9C61-09F9F4389FFB}.Debug|Mixed Platforms.Build.0 = Debug|x86
		{46125EDD-AEFC-4E3F-9C61-09F9F4389FFB}.Debug|Mixed Platforms.Deploy.0 = Debug|x86
		{46125EDD-AEFC-4E3F-9C61-09F9F4389FFB}.Debug|x64.ActiveCfg = Debug|x64
		{46125EDD-AEFC-4E3F-9C61-09F9F4389FFB}.Debug|x64.Build.0 = Debug|x64
		{46125EDD-AEFC-4E3F-9C61-09F9F4389FFB}.Debug|x64.Deploy.0 = Debug|x64
		{46125EDD-AEFC-4E3F-9C61-09F9F4389FFB}.Debug|x86.ActiveCfg = Debug|x86
		{46125EDD-AEFC-4E3F-9C61-09F9F4389FFB}.Debug|x86.Build.0 = Debug|x86
		{46125EDD-AEFC-4E3F-9C61-09F9F4389FFB}.Debug|x86.Deploy.0 = Debug|x86
		{46125EDD-AEFC-4E3F-9C61-09F9F4389FFB}.Release|Any CPU.ActiveCfg = Release|Any CPU
		{46125EDD-AEFC-4E3F-9C61-09F9F4389FFB}.Release|Any CPU.Build.0 = Release|Any CPU
		{46125EDD-AEFC-4E3F-9C61-09F9F4389FFB}.Release|Any CPU.Deploy.0 = Release|Any CPU
		{46125EDD-AEFC-4E3F-9C61-09F9F4389FFB}.Release|ARM.ActiveCfg = Release|ARM
		{46125EDD-AEFC-4E3F-9C61-09F9F4389FFB}.Release|ARM.Build.0 = Release|ARM
		{46125EDD-AEFC-4E3F-9C61-09F9F4389FFB}.Release|ARM.Deploy.0 = Release|ARM
		{46125EDD-AEFC-4E3F-9C61-09F9F4389FFB}.Release|iPhone.ActiveCfg = Release|Any CPU
		{46125EDD-AEFC-4E3F-9C61-09F9F4389FFB}.Release|iPhoneSimulator.ActiveCfg = Release|Any CPU
		{46125EDD-AEFC-4E3F-9C61-09F9F4389FFB}.Release|Mixed Platforms.ActiveCfg = Release|x86
		{46125EDD-AEFC-4E3F-9C61-09F9F4389FFB}.Release|Mixed Platforms.Build.0 = Release|x86
		{46125EDD-AEFC-4E3F-9C61-09F9F4389FFB}.Release|Mixed Platforms.Deploy.0 = Release|x86
		{46125EDD-AEFC-4E3F-9C61-09F9F4389FFB}.Release|x64.ActiveCfg = Release|x64
		{46125EDD-AEFC-4E3F-9C61-09F9F4389FFB}.Release|x64.Build.0 = Release|x64
		{46125EDD-AEFC-4E3F-9C61-09F9F4389FFB}.Release|x64.Deploy.0 = Release|x64
		{46125EDD-AEFC-4E3F-9C61-09F9F4389FFB}.Release|x86.ActiveCfg = Release|x86
		{46125EDD-AEFC-4E3F-9C61-09F9F4389FFB}.Release|x86.Build.0 = Release|x86
		{46125EDD-AEFC-4E3F-9C61-09F9F4389FFB}.Release|x86.Deploy.0 = Release|x86
	EndGlobalSection
	GlobalSection(SolutionProperties) = preSolution
		HideSolutionNode = FALSE
	EndGlobalSection
	GlobalSection(MonoDevelopProperties) = preSolution
		StartupItem = Coderwall.iOS\Coderwall.iOS.csproj
	EndGlobalSection
EndGlobal
